
Microsoft Visual Studio Solution File, Format Version 12.00
# Visual Studio Version 17
VisualStudioVersion = 17.4.33213.308
MinimumVisualStudioVersion = 10.0.40219.1
Project("{FAE04EC0-301F-11D3-BF4B-00C04F79EFBC}") = "SkipListVualizer", "SkipListVualizer\SkipListVualizer.csproj", "{F5B08566-9341-49D8-BB1A-6AD1A972BF30}"
EndProject
Global
	GlobalSection(SolutionConfigurationPlatforms) = preSolution
		Debug|Any CPU = Debug|Any CPU
		Release|Any CPU = Release|Any CPU
	EndGlobalSection
	GlobalSection(ProjectConfigurationPlatforms) = postSolution
		{F5B08566-9341-49D8-BB1A-6AD1A972BF30}.Debug|Any CPU.ActiveCfg = Debug|Any CPU
		{F5B08566-9341-49D8-BB1A-6AD1A972BF30}.Debug|Any CPU.Build.0 = Debug|Any CPU
		{F5B08566-9341-49D8-BB1A-6AD1A972BF30}.Release|Any CPU.ActiveCfg = Release|Any CPU
		{F5B08566-9341-49D8-BB1A-6AD1A972BF30}.Release|Any CPU.Build.0 = Release|Any CPU
	EndGlobalSection
	GlobalSection(SolutionProperties) = preSolution
		HideSolutionNode = FALSE
	EndGlobalSection
	GlobalSection(ExtensibilityGlobals) = postSolution
		SolutionGuid = {F12D367B-B147-46F5-912B-834945C2432A}
	EndGlobalSection
EndGlobal
